// !$*UTF8*$!
{
	archiveVersion = 1;
	classes = {
	};
	objectVersion = 56;
	objects = {

/* Begin PBXBuildFile section */
		043A656730671AEB00C80AD4 /* Core in Frameworks */ = {isa = PBXBuildFile; productRef = 043A656630671AEB00C80AD4 /* Core */; };
		043A656930671AEE00C80AD4 /* CoreUI in Frameworks */ = {isa = PBXBuildFile; productRef = 043A656830671AEE00C80AD4 /* CoreUI */; };
		043A656D3067333B00C80AD4 /* Version1 in Frameworks */ = {isa = PBXBuildFile; productRef = 043A656C3067333B00C80AD4 /* Version1 */; };
		043A656F3067333F00C80AD4 /* Version2 in Frameworks */ = {isa = PBXBuildFile; productRef = 043A656E3067333F00C80AD4 /* Version2 */; };
		0440D5443061C1AF00BE4D30 /* ContactsMigrationApp.swift in Sources */ = {isa = PBXBuildFile; fileRef = 0440D5433061C1AF00BE4D30 /* ContactsMigrationApp.swift */; };
		0440D5463061C1AF00BE4D30 /* ContentView.swift in Sources */ = {isa = PBXBuildFile; fileRef = 0440D5453061C1AF00BE4D30 /* ContentView.swift */; };
		0440D5483061C1B000BE4D30 /* Assets.xcassets in Resources */ = {isa = PBXBuildFile; fileRef = 0440D5473061C1B000BE4D30 /* Assets.xcassets */; };
		0440D54B3061C1B000BE4D30 /* Preview Assets.xcassets in Resources */ = {isa = PBXBuildFile; fileRef = 0440D54A3061C1B000BE4D30 /* Preview Assets.xcassets */; };
		0440D55F3061C1B000BE4D30 /* ContactsMigrationUITests.swift in Sources */ = {isa = PBXBuildFile; fileRef = 0440D55E3061C1B000BE4D30 /* ContactsMigrationUITests.swift */; };
		0440D5613061C1B000BE4D30 /* ContactsMigrationUITestsLaunchTests.swift in Sources */ = {isa = PBXBuildFile; fileRef = 0440D5603061C1B000BE4D30 /* ContactsMigrationUITestsLaunchTests.swift */; };
		0440D59430620F9400BE4D30 /* StoreService.swift in Sources */ = {isa = PBXBuildFile; fileRef = 0440D59330620F9400BE4D30 /* StoreService.swift */; };
		0440D5C73063A00700BE4D30 /* TestContainers.swift in Sources */ = {isa = PBXBuildFile; fileRef = 0440D5C13063A00100BE4D30 /* TestContainers.swift */; };
		0440D5CE3063B00100BE4D30 /* StoreServiceTests.swift in Sources */ = {isa = PBXBuildFile; fileRef = 0440D5CD3063B00100BE4D30 /* StoreServiceTests.swift */; };
/* End PBXBuildFile section */

/* Begin PBXContainerItemProxy section */
		0440D5513061C1B000BE4D30 /* PBXContainerItemProxy */ = {
			isa = PBXContainerItemProxy;
			containerPortal = 0440D5383061C1AE00BE4D30 /* Project object */;
			proxyType = 1;
			remoteGlobalIDString = 0440D53F3061C1AF00BE4D30;
			remoteInfo = ContactsMigration;
		};
		0440D55B3061C1B000BE4D30 /* PBXContainerItemProxy */ = {
			isa = PBXContainerItemProxy;
			containerPortal = 0440D5383061C1AE00BE4D30 /* Project object */;
			proxyType = 1;
			remoteGlobalIDString = 0440D53F3061C1AF00BE4D30;
			remoteInfo = ContactsMigration;
		};
/* End PBXContainerItemProxy section */

/* Begin PBXFileReference section */
		043A656330671AB100C80AD4 /* Core */ = {isa = PBXFileReference; lastKnownFileType = text; path = Core; sourceTree = SOURCE_ROOT; };
		043A656430671AD400C80AD4 /* CoreUI */ = {isa = PBXFileReference; lastKnownFileType = wrapper; path = CoreUI; sourceTree = "<group>"; };
		043A656A306725B400C80AD4 /* Version1 */ = {isa = PBXFileReference; lastKnownFileType = wrapper; path = Version1; sourceTree = "<group>"; };
		043A656B306725CA00C80AD4 /* Version2 */ = {isa = PBXFileReference; lastKnownFileType = wrapper; path = Version2; sourceTree = "<group>"; };
		0440D5403061C1AF00BE4D30 /* ContactsMigration.app */ = {isa = PBXFileReference; explicitFileType = wrapper.application; includeInIndex = 0; path = ContactsMigration.app; sourceTree = BUILT_PRODUCTS_DIR; };
		0440D5433061C1AF00BE4D30 /* ContactsMigrationApp.swift */ = {isa = PBXFileReference; lastKnownFileType = sourcecode.swift; path = ContactsMigrationApp.swift; sourceTree = "<group>"; };
		0440D5453061C1AF00BE4D30 /* ContentView.swift */ = {isa = PBXFileReference; lastKnownFileType = sourcecode.swift; path = ContentView.swift; sourceTree = "<group>"; };
		0440D5473061C1B000BE4D30 /* Assets.xcassets */ = {isa = PBXFileReference; lastKnownFileType = folder.assetcatalog; path = Assets.xcassets; sourceTree = "<group>"; };
		0440D54A3061C1B000BE4D30 /* Preview Assets.xcassets */ = {isa = PBXFileReference; lastKnownFileType = folder.assetcatalog; path = "Preview Assets.xcassets"; sourceTree = "<group>"; };
		0440D5503061C1B000BE4D30 /* ContactsMigrationTests.xctest */ = {isa = PBXFileReference; explicitFileType = wrapper.cfbundle; includeInIndex = 0; path = ContactsMigrationTests.xctest; sourceTree = BUILT_PRODUCTS_DIR; };
		0440D55A3061C1B000BE4D30 /* ContactsMigrationUITests.xctest */ = {isa = PBXFileReference; explicitFileType = wrapper.cfbundle; includeInIndex = 0; path = ContactsMigrationUITests.xctest; sourceTree = BUILT_PRODUCTS_DIR; };
		0440D55E3061C1B000BE4D30 /* ContactsMigrationUITests.swift */ = {isa = PBXFileReference; lastKnownFileType = sourcecode.swift; path = ContactsMigrationUITests.swift; sourceTree = "<group>"; };
		0440D5603061C1B000BE4D30 /* ContactsMigrationUITestsLaunchTests.swift */ = {isa = PBXFileReference; lastKnownFileType = sourcecode.swift; path = ContactsMigrationUITestsLaunchTests.swift; sourceTree = "<group>"; };
		0440D59330620F9400BE4D30 /* StoreService.swift */ = {isa = PBXFileReference; lastKnownFileType = sourcecode.swift; path = StoreService.swift; sourceTree = "<group>"; };
		0440D5C13063A00100BE4D30 /* TestContainers.swift */ = {isa = PBXFileReference; lastKnownFileType = sourcecode.swift; path = TestContainers.swift; sourceTree = "<group>"; };
		0440D5CD3063B00100BE4D30 /* StoreServiceTests.swift */ = {isa = PBXFileReference; lastKnownFileType = sourcecode.swift; path = StoreServiceTests.swift; sourceTree = "<group>"; };
/* End PBXFileReference section */

/* Begin PBXFrameworksBuildPhase section */
		0440D53D3061C1AF00BE4D30 /* Frameworks */ = {
			isa = PBXFrameworksBuildPhase;
			buildActionMask = 2147483647;
			files = (
				043A656F3067333F00C80AD4 /* Version2 in Frameworks */,
				043A656D3067333B00C80AD4 /* Version1 in Frameworks */,
				043A656730671AEB00C80AD4 /* Core in Frameworks */,
				043A656930671AEE00C80AD4 /* CoreUI in Frameworks */,
			);
			runOnlyForDeploymentPostprocessing = 0;
		};
		0440D54D3061C1B000BE4D30 /* Frameworks */ = {
			isa = PBXFrameworksBuildPhase;
			buildActionMask = 2147483647;
			files = (
			);
			runOnlyForDeploymentPostprocessing = 0;
		};
		0440D5573061C1B000BE4D30 /* Frameworks */ = {
			isa = PBXFrameworksBuildPhase;
			buildActionMask = 2147483647;
			files = (
			);
			runOnlyForDeploymentPostprocessing = 0;
		};
/* End PBXFrameworksBuildPhase section */

/* Begin PBXGroup section */
		043A656530671AEB00C80AD4 /* Frameworks */ = {
			isa = PBXGroup;
			children = (
			);
			name = Frameworks;
			sourceTree = "<group>";
		};
		0440D5373061C1AE00BE4D30 = {
			isa = PBXGroup;
			children = (
				0440D5423061C1AF00BE4D30 /* ContactsMigration */,
				0440D5533061C1B000BE4D30 /* ContactsMigrationTests */,
				0440D55D3061C1B000BE4D30 /* ContactsMigrationUITests */,
				043A656330671AB100C80AD4 /* Core */,
				043A656430671AD400C80AD4 /* CoreUI */,
				043A656A306725B400C80AD4 /* Version1 */,
				043A656B306725CA00C80AD4 /* Version2 */,
				0440D5413061C1AF00BE4D30 /* Products */,
				043A656530671AEB00C80AD4 /* Frameworks */,
			);
			sourceTree = "<group>";
		};
		0440D5413061C1AF00BE4D30 /* Products */ = {
			isa = PBXGroup;
			children = (
				0440D5403061C1AF00BE4D30 /* ContactsMigration.app */,
				0440D5503061C1B000BE4D30 /* ContactsMigrationTests.xctest */,
				0440D55A3061C1B000BE4D30 /* ContactsMigrationUITests.xctest */,
			);
			name = Products;
			sourceTree = "<group>";
		};
		0440D5423061C1AF00BE4D30 /* ContactsMigration */ = {
			isa = PBXGroup;
			children = (
				0440D5433061C1AF00BE4D30 /* ContactsMigrationApp.swift */,
				0440D5453061C1AF00BE4D30 /* ContentView.swift */,
				0440D59330620F9400BE4D30 /* StoreService.swift */,
				0440D5473061C1B000BE4D30 /* Assets.xcassets */,
				0440D5493061C1B000BE4D30 /* Preview Content */,
			);
			path = ContactsMigration;
			sourceTree = "<group>";
		};
		0440D5493061C1B000BE4D30 /* Preview Content */ = {
			isa = PBXGroup;
			children = (
				0440D54A3061C1B000BE4D30 /* Preview Assets.xcassets */,
			);
			path = "Preview Content";
			sourceTree = "<group>";
		};
		0440D5533061C1B000BE4D30 /* ContactsMigrationTests */ = {
			isa = PBXGroup;
			children = (
				0440D5C13063A00100BE4D30 /* TestContainers.swift */,
				0440D5CD3063B00100BE4D30 /* StoreServiceTests.swift */,
			);
			path = ContactsMigrationTests;
			sourceTree = "<group>";
		};
		0440D55D3061C1B000BE4D30 /* ContactsMigrationUITests */ = {
			isa = PBXGroup;
			children = (
				0440D55E3061C1B000BE4D30 /* ContactsMigrationUITests.swift */,
				0440D5603061C1B000BE4D30 /* ContactsMigrationUITestsLaunchTests.swift */,
			);
			path = ContactsMigrationUITests;
			sourceTree = "<group>";
		};
/* End PBXGroup section */

/* Begin PBXNativeTarget section */
		0440D53F3061C1AF00BE4D30 /* ContactsMigration */ = {
			isa = PBXNativeTarget;
			buildConfigurationList = 0440D5643061C1B000BE4D30 /* Build configuration list for PBXNativeTarget "ContactsMigration" */;
			buildPhases = (
				0440D53C3061C1AF00BE4D30 /* Sources */,
				0440D53D3061C1AF00BE4D30 /* Frameworks */,
				0440D53E3061C1AF00BE4D30 /* Resources */,
			);
			buildRules = (
			);
			dependencies = (
			);
			name = ContactsMigration;
			packageProductDependencies = (
				043A656630671AEB00C80AD4 /* Core */,
				043A656830671AEE00C80AD4 /* CoreUI */,
				043A656C3067333B00C80AD4 /* Version1 */,
				043A656E3067333F00C80AD4 /* Version2 */,
			);
			productName = ContactsMigration;
			productReference = 0440D5403061C1AF00BE4D30 /* ContactsMigration.app */;
			productType = "com.apple.product-type.application";
		};
		0440D54F3061C1B000BE4D30 /* ContactsMigrationTests */ = {
			isa = PBXNativeTarget;
			buildConfigurationList = 0440D5673061C1B000BE4D30 /* Build configuration list for PBXNativeTarget "ContactsMigrationTests" */;
			buildPhases = (
				0440D54C3061C1B000BE4D30 /* Sources */,
				0440D54D3061C1B000BE4D30 /* Frameworks */,
				0440D54E3061C1B000BE4D30 /* Resources */,
			);
			buildRules = (
			);
			dependencies = (
				0440D5523061C1B000BE4D30 /* PBXTargetDependency */,
			);
			name = ContactsMigrationTests;
			productName = ContactsMigrationTests;
			productReference = 0440D5503061C1B000BE4D30 /* ContactsMigrationTests.xctest */;
			productType = "com.apple.product-type.bundle.unit-test";
		};
		0440D5593061C1B000BE4D30 /* ContactsMigrationUITests */ = {
			isa = PBXNativeTarget;
			buildConfigurationList = 0440D56A3061C1B000BE4D30 /* Build configuration list for PBXNativeTarget "ContactsMigrationUITests" */;
			buildPhases = (
				0440D5563061C1B000BE4D30 /* Sources */,
				0440D5573061C1B000BE4D30 /* Frameworks */,
				0440D5583061C1B000BE4D30 /* Resources */,
			);
			buildRules = (
			);
			dependencies = (
				0440D55C3061C1B000BE4D30 /* PBXTargetDependency */,
			);
			name = ContactsMigrationUITests;
			productName = ContactsMigrationUITests;
			productReference = 0440D55A3061C1B000BE4D30 /* ContactsMigrationUITests.xctest */;
			productType = "com.apple.product-type.bundle.ui-testing";
		};
/* End PBXNativeTarget section */

/* Begin PBXProject section */
		0440D5383061C1AE00BE4D30 /* Project object */ = {
			isa = PBXProject;
			attributes = {
				BuildIndependentTargetsInParallel = 1;
				LastSwiftUpdateCheck = 1520;
				LastUpgradeCheck = 1520;
				TargetAttributes = {
					0440D53F3061C1AF00BE4D30 = {
						CreatedOnToolsVersion = 15.2;
					};
					0440D54F3061C1B000BE4D30 = {
						CreatedOnToolsVersion = 15.2;
						TestTargetID = 0440D53F3061C1AF00BE4D30;
					};
					0440D5593061C1B000BE4D30 = {
						CreatedOnToolsVersion = 15.2;
						TestTargetID = 0440D53F3061C1AF00BE4D30;
					};
				};
			};
			buildConfigurationList = 0440D53B3061C1AE00BE4D30 /* Build configuration list for PBXProject "ContactsMigration" */;
			compatibilityVersion = "Xcode 14.0";
			developmentRegion = en;
			hasScannedForEncodings = 0;
			knownRegions = (
				en,
				Base,
			);
			mainGroup = 0440D5373061C1AE00BE4D30;
			productRefGroup = 0440D5413061C1AF00BE4D30 /* Products */;
			projectDirPath = "";
			projectRoot = "";
			targets = (
				0440D53F3061C1AF00BE4D30 /* ContactsMigration */,
				0440D54F3061C1B000BE4D30 /* ContactsMigrationTests */,
				0440D5593061C1B000BE4D30 /* ContactsMigrationUITests */,
			);
		};
/* End PBXProject section */

/* Begin PBXResourcesBuildPhase section */
		0440D53E3061C1AF00BE4D30 /* Resources */ = {
			isa = PBXResourcesBuildPhase;
			buildActionMask = 2147483647;
			files = (
				0440D54B3061C1B000BE4D30 /* Preview Assets.xcassets in Resources */,
				0440D5483061C1B000BE4D30 /* Assets.xcassets in Resources */,
			);
			runOnlyForDeploymentPostprocessing = 0;
		};
		0440D54E3061C1B000BE4D30 /* Resources */ = {
			isa = PBXResourcesBuildPhase;
			buildActionMask = 2147483647;
			files = (
			);
			runOnlyForDeploymentPostprocessing = 0;
		};
		0440D5583061C1B000BE4D30 /* Resources */ = {
			isa = PBXResourcesBuildPhase;
			buildActionMask = 2147483647;
			files = (
			);
			runOnlyForDeploymentPostprocessing = 0;
		};
/* End PBXResourcesBuildPhase section */

/* Begin PBXSourcesBuildPhase section */
		0440D53C3061C1AF00BE4D30 /* Sources */ = {
			isa = PBXSourcesBuildPhase;
			buildActionMask = 2147483647;
			files = (
				0440D59430620F9400BE4D30 /* StoreService.swift in Sources */,
				0440D5463061C1AF00BE4D30 /* ContentView.swift in Sources */,
				0440D5443061C1AF00BE4D30 /* ContactsMigrationApp.swift in Sources */,
			);
			runOnlyForDeploymentPostprocessing = 0;
		};
		0440D54C3061C1B000BE4D30 /* Sources */ = {
			isa = PBXSourcesBuildPhase;
			buildActionMask = 2147483647;
			files = (
				0440D5C73063A00700BE4D30 /* TestContainers.swift in Sources */,
				0440D5CE3063B00100BE4D30 /* StoreServiceTests.swift in Sources */,
			);
			runOnlyForDeploymentPostprocessing = 0;
		};
		0440D5563061C1B000BE4D30 /* Sources */ = {
			isa = PBXSourcesBuildPhase;
			buildActionMask = 2147483647;
			files = (
				0440D5613061C1B000BE4D30 /* ContactsMigrationUITestsLaunchTests.swift in Sources */,
				0440D55F3061C1B000BE4D30 /* ContactsMigrationUITests.swift in Sources */,
			);
			runOnlyForDeploymentPostprocessing = 0;
		};
/* End PBXSourcesBuildPhase section */

/* Begin PBXTargetDependency section */
		0440D5523061C1B000BE4D30 /* PBXTargetDependency */ = {
			isa = PBXTargetDependency;
			target = 0440D53F3061C1AF00BE4D30 /* ContactsMigration */;
			targetProxy = 0440D5513061C1B000BE4D30 /* PBXContainerItemProxy */;
		};
		0440D55C3061C1B000BE4D30 /* PBXTargetDependency */ = {
			isa = PBXTargetDependency;
			target = 0440D53F3061C1AF00BE4D30 /* ContactsMigration */;
			targetProxy = 0440D55B3061C1B000BE4D30 /* PBXContainerItemProxy */;
		};
/* End PBXTargetDependency section */

/* Begin XCBuildConfiguration section */
		0440D5623061C1B000BE4D30 /* Debug */ = {
			isa = XCBuildConfiguration;
			buildSettings = {
				ALWAYS_SEARCH_USER_PATHS = NO;
				ASSETCATALOG_COMPILER_GENERATE_SWIFT_ASSET_SYMBOL_EXTENSIONS = YES;
				CLANG_ANALYZER_NONNULL = YES;
				CLANG_ANALYZER_NUMBER_OBJECT_CONVERSION = YES_AGGRESSIVE;
				CLANG_CXX_LANGUAGE_STANDARD = "gnu++20";
				CLANG_ENABLE_MODULES = YES;
				CLANG_ENABLE_OBJC_ARC = YES;
				CLANG_ENABLE_OBJC_WEAK = YES;
				CLANG_WARN_BLOCK_CAPTURE_AUTORELEASING = YES;
				CLANG_WARN_BOOL_CONVERSION = YES;
				CLANG_WARN_COMMA = YES;
				CLANG_WARN_CONSTANT_CONVERSION = YES;
				CLANG_WARN_DEPRECATED_OBJC_IMPLEMENTATIONS = YES;
				CLANG_WARN_DIRECT_OBJC_ISA_USAGE = YES_ERROR;
				CLANG_WARN_DOCUMENTATION_COMMENTS = YES;
				CLANG_WARN_EMPTY_BODY = YES;
				CLANG_WARN_ENUM_CONVERSION = YES;
				CLANG_WARN_INFINITE_RECURSION = YES;
				CLANG_WARN_INT_CONVERSION = YES;
				CLANG_WARN_NON_LITERAL_NULL_CONVERSION = YES;
				CLANG_WARN_OBJC_IMPLICIT_RETAIN_SELF = YES;
				CLANG_WARN_OBJC_LITERAL_CONVERSION = YES;
				CLANG_WARN_OBJC_ROOT_CLASS = YES_ERROR;
				CLANG_WARN_QUOTED_INCLUDE_IN_FRAMEWORK_HEADER = YES;
				CLANG_WARN_RANGE_LOOP_ANALYSIS = YES;
				CLANG_WARN_STRICT_PROTOTYPES = YES;
				CLANG_WARN_SUSPICIOUS_MOVE = YES;
				CLANG_WARN_UNGUARDED_AVAILABILITY = YES_AGGRESSIVE;
				CLANG_WARN_UNREACHABLE_CODE = YES;
				CLANG_WARN__DUPLICATE_METHOD_MATCH = YES;
				COPY_PHASE_STRIP = NO;
				DEBUG_INFORMATION_FORMAT = dwarf;
				ENABLE_STRICT_OBJC_MSGSEND = YES;
				ENABLE_TESTABILITY = YES;
				ENABLE_USER_SCRIPT_SANDBOXING = YES;
				GCC_C_LANGUAGE_STANDARD = gnu17;
				GCC_DYNAMIC_NO_PIC = NO;
				GCC_NO_COMMON_BLOCKS = YES;
				GCC_OPTIMIZATION_LEVEL = 0;
				GCC_PREPROCESSOR_DEFINITIONS = (
					"DEBUG=1",
					"$(inherited)",
				);
				GCC_WARN_64_TO_32_BIT_CONVERSION = YES;
				GCC_WARN_ABOUT_RETURN_TYPE = YES_ERROR;
				GCC_WARN_UNDECLARED_SELECTOR = YES;
				GCC_WARN_UNINITIALIZED_AUTOS = YES_AGGRESSIVE;
				GCC_WARN_UNUSED_FUNCTION = YES;
				GCC_WARN_UNUSED_VARIABLE = YES;
				IPHONEOS_DEPLOYMENT_TARGET = 17.2;
				LOCALIZATION_PREFERS_STRING_CATALOGS = YES;
				MTL_ENABLE_DEBUG_INFO = INCLUDE_SOURCE;
				MTL_FAST_MATH = YES;
				ONLY_ACTIVE_ARCH = YES;
				SDKROOT = iphoneos;
				SWIFT_ACTIVE_COMPILATION_CONDITIONS = "DEBUG $(inherited)";
				SWIFT_OPTIMIZATION_LEVEL = "-Onone";
			};
			name = Debug;
		};
		0440D5633061C1B000BE4D30 /* Release */ = {
			isa = XCBuildConfiguration;
			buildSettings = {
				ALWAYS_SEARCH_USER_PATHS = NO;
				ASSETCATALOG_COMPILER_GENERATE_SWIFT_ASSET_SYMBOL_EXTENSIONS = YES;
				CLANG_ANALYZER_NONNULL = YES;
				CLANG_ANALYZER_NUMBER_OBJECT_CONVERSION = YES_AGGRESSIVE;
				CLANG_CXX_LANGUAGE_STANDARD = "gnu++20";
				CLANG_ENABLE_MODULES = YES;
				CLANG_ENABLE_OBJC_ARC = YES;
				CLANG_ENABLE_OBJC_WEAK = YES;
				CLANG_WARN_BLOCK_CAPTURE_AUTORELEASING = YES;
				CLANG_WARN_BOOL_CONVERSION = YES;
				CLANG_WARN_COMMA = YES;
				CLANG_WARN_CONSTANT_CONVERSION = YES;
				CLANG_WARN_DEPRECATED_OBJC_IMPLEMENTATIONS = YES;
				CLANG_WARN_DIRECT_OBJC_ISA_USAGE = YES_ERROR;
				CLANG_WARN_DOCUMENTATION_COMMENTS = YES;
				CLANG_WARN_EMPTY_BODY = YES;
				CLANG_WARN_ENUM_CONVERSION = YES;
				CLANG_WARN_INFINITE_RECURSION = YES;
				CLANG_WARN_INT_CONVERSION = YES;
				CLANG_WARN_NON_LITERAL_NULL_CONVERSION = YES;
				CLANG_WARN_OBJC_IMPLICIT_RETAIN_SELF = YES;
				CLANG_WARN_OBJC_LITERAL_CONVERSION = YES;
				CLANG_WARN_OBJC_ROOT_CLASS = YES_ERROR;
				CLANG_WARN_QUOTED_INCLUDE_IN_FRAMEWORK_HEADER = YES;
				CLANG_WARN_RANGE_LOOP_ANALYSIS = YES;
				CLANG_WARN_STRICT_PROTOTYPES = YES;
				CLANG_WARN_SUSPICIOUS_MOVE = YES;
				CLANG_WARN_UNGUARDED_AVAILABILITY = YES_AGGRESSIVE;
				CLANG_WARN_UNREACHABLE_CODE = YES;
				CLANG_WARN__DUPLICATE_METHOD_MATCH = YES;
				COPY_PHASE_STRIP = NO;
				DEBUG_INFORMATION_FORMAT = "dwarf-with-dsym";
				ENABLE_NS_ASSERTIONS = NO;
				ENABLE_STRICT_OBJC_MSGSEND = YES;
				ENABLE_USER_SCRIPT_SANDBOXING = YES;
				GCC_C_LANGUAGE_STANDARD = gnu17;
				GCC_NO_COMMON_BLOCKS = YES;
				GCC_WARN_64_TO_32_BIT_CONVERSION = YES;
				GCC_WARN_ABOUT_RETURN_TYPE = YES_ERROR;
				GCC_WARN_UNDECLARED_SELECTOR = YES;
				GCC_WARN_UNINITIALIZED_AUTOS = YES_AGGRESSIVE;
				GCC_WARN_UNUSED_FUNCTION = YES;
				GCC_WARN_UNUSED_VARIABLE = YES;
				IPHONEOS_DEPLOYMENT_TARGET = 17.2;
				LOCALIZATION_PREFERS_STRING_CATALOGS = YES;
				MTL_ENABLE_DEBUG_INFO = NO;
				MTL_FAST_MATH = YES;
				SDKROOT = iphoneos;
				SWIFT_COMPILATION_MODE = wholemodule;
				VALIDATE_PRODUCT = YES;
			};
			name = Release;
		};
		0440D5653061C1B000BE4D30 /* Debug */ = {
			isa = XCBuildConfiguration;
			buildSettings = {
				ASSETCATALOG_COMPILER_APPICON_NAME = AppIcon;
				ASSETCATALOG_COMPILER_GLOBAL_ACCENT_COLOR_NAME = AccentColor;
				CODE_SIGN_STYLE = Automatic;
				CURRENT_PROJECT_VERSION = 1;
				DEVELOPMENT_ASSET_PATHS = "\"ContactsMigration/Preview Content\"";
				DEVELOPMENT_TEAM = 8748PAK825;
				ENABLE_PREVIEWS = YES;
				GENERATE_INFOPLIST_FILE = YES;
				INFOPLIST_KEY_UIApplicationSceneManifest_Generation = YES;
				INFOPLIST_KEY_UIApplicationSupportsIndirectInputEvents = YES;
				INFOPLIST_KEY_UILaunchScreen_Generation = YES;
				INFOPLIST_KEY_UISupportedInterfaceOrientations_iPad = "UIInterfaceOrientationPortrait UIInterfaceOrientationPortraitUpsideDown UIInterfaceOrientationLandscapeLeft UIInterfaceOrientationLandscapeRight";
				INFOPLIST_KEY_UISupportedInterfaceOrientations_iPhone = "UIInterfaceOrientationPortrait UIInterfaceOrientationLandscapeLeft UIInterfaceOrientationLandscapeRight";
				LD_RUNPATH_SEARCH_PATHS = (
					"$(inherited)",
					"@executable_path/Frameworks",
				);
				MARKETING_VERSION = 1.0;
				PRODUCT_BUNDLE_IDENTIFIER = dev.appfellows.ContactsMigration;
				PRODUCT_NAME = "$(TARGET_NAME)";
				SWIFT_EMIT_LOC_STRINGS = YES;
				SWIFT_VERSION = 5.0;
				TARGETED_DEVICE_FAMILY = "1,2";
			};
			name = Debug;
		};
		0440D5663061C1B000BE4D30 /* Release */ = {
			isa = XCBuildConfiguration;
			buildSettings = {
				ASSETCATALOG_COMPILER_APPICON_NAME = AppIcon;
				ASSETCATALOG_COMPILER_GLOBAL_ACCENT_COLOR_NAME = AccentColor;
				CODE_SIGN_STYLE = Automatic;
				CURRENT_PROJECT_VERSION = 1;
				DEVELOPMENT_ASSET_PATHS = "\"ContactsMigration/Preview Content\"";
				DEVELOPMENT_TEAM = 8748PAK825;
				ENABLE_PREVIEWS = YES;
				GENERATE_INFOPLIST_FILE = YES;
				INFOPLIST_KEY_UIApplicationSceneManifest_Generation = YES;
				INFOPLIST_KEY_UIApplicationSupportsIndirectInputEvents = YES;
				INFOPLIST_KEY_UILaunchScreen_Generation = YES;
				INFOPLIST_KEY_UISupportedInterfaceOrientations_iPad = "UIInterfaceOrientationPortrait UIInterfaceOrientationPortraitUpsideDown UIInterfaceOrientationLandscapeLeft UIInterfaceOrientationLandscapeRight";
				INFOPLIST_KEY_UISupportedInterfaceOrientations_iPhone = "UIInterfaceOrientationPortrait UIInterfaceOrientationLandscapeLeft UIInterfaceOrientationLandscapeRight";
				LD_RUNPATH_SEARCH_PATHS = (
					"$(inherited)",
					"@executable_path/Frameworks",
				);
				MARKETING_VERSION = 1.0;
				PRODUCT_BUNDLE_IDENTIFIER = dev.appfellows.ContactsMigration;
				PRODUCT_NAME = "$(TARGET_NAME)";
				SWIFT_EMIT_LOC_STRINGS = YES;
				SWIFT_VERSION = 5.0;
				TARGETED_DEVICE_FAMILY = "1,2";
			};
			name = Release;
		};
		0440D5683061C1B000BE4D30 /* Debug */ = {
			isa = XCBuildConfiguration;
			buildSettings = {
				ALWAYS_EMBED_SWIFT_STANDARD_LIBRARIES = YES;
				BUNDLE_LOADER = "$(TEST_HOST)";
				CODE_SIGN_STYLE = Automatic;
				CURRENT_PROJECT_VERSION = 1;
				DEVELOPMENT_TEAM = 8748PAK825;
				GENERATE_INFOPLIST_FILE = YES;
				IPHONEOS_DEPLOYMENT_TARGET = 17.2;
				MARKETING_VERSION = 1.0;
				PRODUCT_BUNDLE_IDENTIFIER = dev.appfellows.ContactsMigrationTests;
				PRODUCT_NAME = "$(TARGET_NAME)";
				SWIFT_EMIT_LOC_STRINGS = NO;
				SWIFT_VERSION = 5.0;
				TARGETED_DEVICE_FAMILY = "1,2";
				TEST_HOST = "$(BUILT_PRODUCTS_DIR)/ContactsMigration.app/$(BUNDLE_EXECUTABLE_FOLDER_PATH)/ContactsMigration";
			};
			name = Debug;
		};
		0440D5693061C1B000BE4D30 /* Release */ = {
			isa = XCBuildConfiguration;
			buildSettings = {
				ALWAYS_EMBED_SWIFT_STANDARD_LIBRARIES = YES;
				BUNDLE_LOADER = "$(TEST_HOST)";
				CODE_SIGN_STYLE = Automatic;
				CURRENT_PROJECT_VERSION = 1;
				DEVELOPMENT_TEAM = 8748PAK825;
				GENERATE_INFOPLIST_FILE = YES;
				IPHONEOS_DEPLOYMENT_TARGET = 17.2;
				MARKETING_VERSION = 1.0;
				PRODUCT_BUNDLE_IDENTIFIER = dev.appfellows.ContactsMigrationTests;
				PRODUCT_NAME = "$(TARGET_NAME)";
				SWIFT_EMIT_LOC_STRINGS = NO;
				SWIFT_VERSION = 5.0;
				TARGETED_DEVICE_FAMILY = "1,2";
				TEST_HOST = "$(BUILT_PRODUCTS_DIR)/ContactsMigration.app/$(BUNDLE_EXECUTABLE_FOLDER_PATH)/ContactsMigration";
			};
			name = Release;
		};
		0440D56B3061C1B000BE4D30 /* Debug */ = {
			isa = XCBuildConfiguration;
			buildSettings = {
				ALWAYS_EMBED_SWIFT_STANDARD_LIBRARIES = YES;
				CODE_SIGN_STYLE = Automatic;
				CURRENT_PROJECT_VERSION = 1;
				DEVELOPMENT_TEAM = 8748PAK825;
				GENERATE_INFOPLIST_FILE = YES;
				MARKETING_VERSION = 1.0;
				PRODUCT_BUNDLE_IDENTIFIER = dev.appfellows.ContactsMigrationUITests;
				PRODUCT_NAME = "$(TARGET_NAME)";
				SWIFT_EMIT_LOC_STRINGS = NO;
				SWIFT_VERSION = 5.0;
				TARGETED_DEVICE_FAMILY = "1,2";
				TEST_TARGET_NAME = ContactsMigration;
			};
			name = Debug;
		};
		0440D56C3061C1B000BE4D30 /* Release */ = {
			isa = XCBuildConfiguration;
			buildSettings = {
				ALWAYS_EMBED_SWIFT_STANDARD_LIBRARIES = YES;
				CODE_SIGN_STYLE = Automatic;
				CURRENT_PROJECT_VERSION = 1;
				DEVELOPMENT_TEAM = 8748PAK825;
				GENERATE_INFOPLIST_FILE = YES;
				MARKETING_VERSION = 1.0;
				PRODUCT_BUNDLE_IDENTIFIER = dev.appfellows.ContactsMigrationUITests;
				PRODUCT_NAME = "$(TARGET_NAME)";
				SWIFT_EMIT_LOC_STRINGS = NO;
				SWIFT_VERSION = 5.0;
				TARGETED_DEVICE_FAMILY = "1,2";
				TEST_TARGET_NAME = ContactsMigration;
			};
			name = Release;
		};
/* End XCBuildConfiguration section */

/* Begin XCConfigurationList section */
		0440D53B3061C1AE00BE4D30 /* Build configuration list for PBXProject "ContactsMigration" */ = {
			isa = XCConfigurationList;
			buildConfigurations = (
				0440D5623061C1B000BE4D30 /* Debug */,
				0440D5633061C1B000BE4D30 /* Release */,
			);
			defaultConfigurationIsVisible = 0;
			defaultConfigurationName = Release;
		};
		0440D5643061C1B000BE4D30 /* Build configuration list for PBXNativeTarget "ContactsMigration" */ = {
			isa = XCConfigurationList;
			buildConfigurations = (
				0440D5653061C1B000BE4D30 /* Debug */,
				0440D5663061C1B000BE4D30 /* Release */,
			);
			defaultConfigurationIsVisible = 0;
			defaultConfigurationName = Release;
		};
		0440D5673061C1B000BE4D30 /* Build configuration list for PBXNativeTarget "ContactsMigrationTests" */ = {
			isa = XCConfigurationList;
			buildConfigurations = (
				0440D5683061C1B000BE4D30 /* Debug */,
				0440D5693061C1B000BE4D30 /* Release */,
			);
			defaultConfigurationIsVisible = 0;
			defaultConfigurationName = Release;
		};
		0440D56A3061C1B000BE4D30 /* Build configuration list for PBXNativeTarget "ContactsMigrationUITests" */ = {
			isa = XCConfigurationList;
			buildConfigurations = (
				0440D56B3061C1B000BE4D30 /* Debug */,
				0440D56C3061C1B000BE4D30 /* Release */,
			);
			defaultConfigurationIsVisible = 0;
			defaultConfigurationName = Release;
		};
/* End XCConfigurationList section */

/* Begin XCSwiftPackageProductDependency section */
		043A656630671AEB00C80AD4 /* Core */ = {
			isa = XCSwiftPackageProductDependency;
			productName = Core;
		};
		043A656830671AEE00C80AD4 /* CoreUI */ = {
			isa = XCSwiftPackageProductDependency;
			productName = CoreUI;
		};
		043A656C3067333B00C80AD4 /* Version1 */ = {
			isa = XCSwiftPackageProductDependency;
			productName = Version1;
		};
		043A656E3067333F00C80AD4 /* Version2 */ = {
			isa = XCSwiftPackageProductDependency;
			productName = Version2;
		};
/* End XCSwiftPackageProductDependency section */
	};
	rootObject = 0440D5383061C1AE00BE4D30 /* Project object */;
}
